
Microsoft Visual Studio Solution File, Format Version 12.00
# Visual Studio Version 16
VisualStudioVersion = 16.0.29806.167
MinimumVisualStudioVersion = 10.0.40219.1
Project("{FAE04EC0-301F-11D3-BF4B-00C04F79EFBC}") = "PrimeOrNot.Android", "PrimeOrNot.Android\PrimeOrNot.Android.csproj", "{0355BC3E-F325-4FA7-9D70-4A05C774F960}"
EndProject
Project("{FAE04EC0-301F-11D3-BF4B-00C04F79EFBC}") = "PrimeOrNot.iOS", "PrimeOrNot.iOS\PrimeOrNot.iOS.csproj", "{C4B708F9-86EC-4937-9F87-6D27EBBE6FCB}"
EndProject
Project("{FAE04EC0-301F-11D3-BF4B-00C04F79EFBC}") = "PrimeOrNot", "PrimeOrNot\PrimeOrNot.csproj", "{DE30E6C0-9CE1-4FB3-A184-8F711601B3B3}"
EndProject
Global
	GlobalSection(SolutionConfigurationPlatforms) = preSolution
		Debug|Any CPU = Debug|Any CPU
		Debug|iPhone = Debug|iPhone
		Debug|iPhoneSimulator = Debug|iPhoneSimulator
		Release|Any CPU = Release|Any CPU
		Release|iPhone = Release|iPhone
		Release|iPhoneSimulator = Release|iPhoneSimulator
	EndGlobalSection
	GlobalSection(ProjectConfigurationPlatforms) = postSolution
		{0355BC3E-F325-4FA7-9D70-4A05C774F960}.Debug|Any CPU.ActiveCfg = Debug|Any CPU
		{0355BC3E-F325-4FA7-9D70-4A05C774F960}.Debug|Any CPU.Build.0 = Debug|Any CPU
		{0355BC3E-F325-4FA7-9D70-4A05C774F960}.Debug|Any CPU.Deploy.0 = Debug|Any CPU
		{0355BC3E-F325-4FA7-9D70-4A05C774F960}.Debug|iPhone.ActiveCfg = Debug|Any CPU
		{0355BC3E-F325-4FA7-9D70-4A05C774F960}.Debug|iPhone.Build.0 = Debug|Any CPU
		{0355BC3E-F325-4FA7-9D70-4A05C774F960}.Debug|iPhone.Deploy.0 = Debug|Any CPU
		{0355BC3E-F325-4FA7-9D70-4A05C774F960}.Debug|iPhoneSimulator.ActiveCfg = Debug|Any CPU
		{0355BC3E-F325-4FA7-9D70-4A05C774F960}.Debug|iPhoneSimulator.Build.0 = Debug|Any CPU
		{0355BC3E-F325-4FA7-9D70-4A05C774F960}.Debug|iPhoneSimulator.Deploy.0 = Debug|Any CPU
		{0355BC3E-F325-4FA7-9D70-4A05C774F960}.Release|Any CPU.ActiveCfg = Release|Any CPU
		{0355BC3E-F325-4FA7-9D70-4A05C774F960}.Release|Any CPU.Build.0 = Release|Any CPU
		{0355BC3E-F325-4FA7-9D70-4A05C774F960}.Release|Any CPU.Deploy.0 = Release|Any CPU
		{0355BC3E-F325-4FA7-9D70-4A05C774F960}.Release|iPhone.ActiveCfg = Release|Any CPU
		{0355BC3E-F325-4FA7-9D70-4A05C774F960}.Release|iPhone.Build.0 = Release|Any CPU
		{0355BC3E-F325-4FA7-9D70-4A05C774F960}.Release|iPhone.Deploy.0 = Release|Any CPU
		{0355BC3E-F325-4FA7-9D70-4A05C774F960}.Release|iPhoneSimulator.ActiveCfg = Release|Any CPU
		{0355BC3E-F325-4FA7-9D70-4A05C774F960}.Release|iPhoneSimulator.Build.0 = Release|Any CPU
		{0355BC3E-F325-4FA7-9D70-4A05C774F960}.Release|iPhoneSimulator.Deploy.0 = Release|Any CPU
		{C4B708F9-86EC-4937-9F87-6D27EBBE6FCB}.Debug|Any CPU.ActiveCfg = Debug|iPhoneSimulator
		{C4B708F9-86EC-4937-9F87-6D27EBBE6FCB}.Debug|Any CPU.Build.0 = Debug|iPhoneSimulator
		{C4B708F9-86EC-4937-9F87-6D27EBBE6FCB}.Debug|Any CPU.Deploy.0 = Debug|iPhoneSimulator
		{C4B708F9-86EC-4937-9F87-6D27EBBE6FCB}.Debug|iPhone.ActiveCfg = Debug|iPhone
		{C4B708F9-86EC-4937-9F87-6D27EBBE6FCB}.Debug|iPhone.Build.0 = Debug|iPhone
		{C4B708F9-86EC-4937-9F87-6D27EBBE6FCB}.Debug|iPhone.Deploy.0 = Debug|iPhone
		{C4B708F9-86EC-4937-9F87-6D27EBBE6FCB}.Debug|iPhoneSimulator.ActiveCfg = Debug|iPhoneSimulator
		{C4B708F9-86EC-4937-9F87-6D27EBBE6FCB}.Debug|iPhoneSimulator.Build.0 = Debug|iPhoneSimulator
		{C4B708F9-86EC-4937-9F87-6D27EBBE6FCB}.Debug|iPhoneSimulator.Deploy.0 = Debug|iPhoneSimulator
		{C4B708F9-86EC-4937-9F87-6D27EBBE6FCB}.Release|Any CPU.ActiveCfg = Release|iPhone
		{C4B708F9-86EC-4937-9F87-6D27EBBE6FCB}.Release|Any CPU.Build.0 = Release|iPhone
		{C4B708F9-86EC-4937-9F87-6D27EBBE6FCB}.Release|Any CPU.Deploy.0 = Release|iPhone
		{C4B708F9-86EC-4937-9F87-6D27EBBE6FCB}.Release|iPhone.ActiveCfg = Release|iPhone
		{C4B708F9-86EC-4937-9F87-6D27EBBE6FCB}.Release|iPhone.Build.0 = Release|iPhone
		{C4B708F9-86EC-4937-9F87-6D27EBBE6FCB}.Release|iPhone.Deploy.0 = Release|iPhone
		{C4B708F9-86EC-4937-9F87-6D27EBBE6FCB}.Release|iPhoneSimulator.ActiveCfg = Release|iPhoneSimulator
		{C4B708F9-86EC-4937-9F87-6D27EBBE6FCB}.Release|iPhoneSimulator.Build.0 = Release|iPhoneSimulator
		{C4B708F9-86EC-4937-9F87-6D27EBBE6FCB}.Release|iPhoneSimulator.Deploy.0 = Release|iPhoneSimulator
		{DE30E6C0-9CE1-4FB3-A184-8F711601B3B3}.Debug|Any CPU.ActiveCfg = Debug|Any CPU
		{DE30E6C0-9CE1-4FB3-A184-8F711601B3B3}.Debug|Any CPU.Build.0 = Debug|Any CPU
		{DE30E6C0-9CE1-4FB3-A184-8F711601B3B3}.Debug|Any CPU.Deploy.0 = Debug|Any CPU
		{DE30E6C0-9CE1-4FB3-A184-8F711601B3B3}.Debug|iPhone.ActiveCfg = Debug|Any CPU
		{DE30E6C0-9CE1-4FB3-A184-8F711601B3B3}.Debug|iPhone.Build.0 = Debug|Any CPU
		{DE30E6C0-9CE1-4FB3-A184-8F711601B3B3}.Debug|iPhone.Deploy.0 = Debug|Any CPU
		{DE30E6C0-9CE1-4FB3-A184-8F711601B3B3}.Debug|iPhoneSimulator.ActiveCfg = Debug|Any CPU
		{DE30E6C0-9CE1-4FB3-A184-8F711601B3B3}.Debug|iPhoneSimulator.Build.0 = Debug|Any CPU
		{DE30E6C0-9CE1-4FB3-A184-8F711601B3B3}.Debug|iPhoneSimulator.Deploy.0 = Debug|Any CPU
		{DE30E6C0-9CE1-4FB3-A184-8F711601B3B3}.Release|Any CPU.ActiveCfg = Release|Any CPU
		{DE30E6C0-9CE1-4FB3-A184-8F711601B3B3}.Release|Any CPU.Build.0 = Release|Any CPU
		{DE30E6C0-9CE1-4FB3-A184-8F711601B3B3}.Release|Any CPU.Deploy.0 = Release|Any CPU
		{DE30E6C0-9CE1-4FB3-A184-8F711601B3B3}.Release|iPhone.ActiveCfg = Release|Any CPU
		{DE30E6C0-9CE1-4FB3-A184-8F711601B3B3}.Release|iPhone.Build.0 = Release|Any CPU
		{DE30E6C0-9CE1-4FB3-A184-8F711601B3B3}.Release|iPhone.Deploy.0 = Release|Any CPU
		{DE30E6C0-9CE1-4FB3-A184-8F711601B3B3}.Release|iPhoneSimulator.ActiveCfg = Release|Any CPU
		{DE30E6C0-9CE1-4FB3-A184-8F711601B3B3}.Release|iPhoneSimulator.Build.0 = Release|Any CPU
		{DE30E6C0-9CE1-4FB3-A184-8F711601B3B3}.Release|iPhoneSimulator.Deploy.0 = Release|Any CPU
	EndGlobalSection
	GlobalSection(SolutionProperties) = preSolution
		HideSolutionNode = FALSE
	EndGlobalSection
	GlobalSection(ExtensibilityGlobals) = postSolution
		SolutionGuid = {12385A13-EACB-4884-93DE-EA4ACBC698FB}
	EndGlobalSection
EndGlobal
